
Microsoft Visual Studio Solution File, Format Version 12.00
# Visual Studio Version 16
VisualStudioVersion = 16.0.30907.101
MinimumVisualStudioVersion = 10.0.40219.1
Project("{FAE04EC0-301F-11D3-BF4B-00C04F79EFBC}") = "MidTerm2ConsoleApp", "MidTerm2ConsoleApp\MidTerm2ConsoleApp.csproj", "{533AA39E-1F96-429E-945F-650B5A11DB8F}"
EndProject
Global
	GlobalSection(SolutionConfigurationPlatforms) = preSolution
		Debug|Any CPU = Debug|Any CPU
		Release|Any CPU = Release|Any CPU
	EndGlobalSection
	GlobalSection(ProjectConfigurationPlatforms) = postSolution
		{533AA39E-1F96-429E-945F-650B5A11DB8F}.Debug|Any CPU.ActiveCfg = Debug|Any CPU
		{533AA39E-1F96-429E-945F-650B5A11DB8F}.Debug|Any CPU.Build.0 = Debug|Any CPU
		{533AA39E-1F96-429E-945F-650B5A11DB8F}.Release|Any CPU.ActiveCfg = Release|Any CPU
		{533AA39E-1F96-429E-945F-650B5A11DB8F}.Release|Any CPU.Build.0 = Release|Any CPU
	EndGlobalSection
	GlobalSection(SolutionProperties) = preSolution
		HideSolutionNode = FALSE
	EndGlobalSection
	GlobalSection(ExtensibilityGlobals) = postSolution
		SolutionGuid = {F171D52B-854E-4C55-B2C6-001B4223C165}
	EndGlobalSection
EndGlobal
