
Microsoft Visual Studio Solution File, Format Version 12.00
# Visual Studio Version 16
VisualStudioVersion = 16.0.30907.101
MinimumVisualStudioVersion = 10.0.40219.1
Project("{FAE04EC0-301F-11D3-BF4B-00C04F79EFBC}") = "Exam1", "Exam1\Exam1.csproj", "{B4787E01-FC90-49F2-9651-5E17135A8828}"
EndProject
Global
	GlobalSection(SolutionConfigurationPlatforms) = preSolution
		Debug|Any CPU = Debug|Any CPU
		Release|Any CPU = Release|Any CPU
	EndGlobalSection
	GlobalSection(ProjectConfigurationPlatforms) = postSolution
		{B4787E01-FC90-49F2-9651-5E17135A8828}.Debug|Any CPU.ActiveCfg = Debug|Any CPU
		{B4787E01-FC90-49F2-9651-5E17135A8828}.Debug|Any CPU.Build.0 = Debug|Any CPU
		{B4787E01-FC90-49F2-9651-5E17135A8828}.Release|Any CPU.ActiveCfg = Release|Any CPU
		{B4787E01-FC90-49F2-9651-5E17135A8828}.Release|Any CPU.Build.0 = Release|Any CPU
	EndGlobalSection
	GlobalSection(SolutionProperties) = preSolution
		HideSolutionNode = FALSE
	EndGlobalSection
	GlobalSection(ExtensibilityGlobals) = postSolution
		SolutionGuid = {67A6187B-5C26-4D3A-91BE-1B413548DD49}
	EndGlobalSection
EndGlobal
